// !$*UTF8*$!
{
	archiveVersion = 1;
	classes = {
	};
	objectVersion = 77;
	objects = {

/* Begin PBXBuildFile section */
		5029C9AF2DEC95C40056F82E /* ci.yml in Resources */ = {isa = PBXBuildFile; fileRef = 5029C9AC2DEC95C40056F82E /* ci.yml */; };
		5029C9BC2DEC96640056F82E /* FirebaseFirestore in Frameworks */ = {isa = PBXBuildFile; productRef = 5029C9BB2DEC96640056F82E /* FirebaseFirestore */; };
		5029C9BE2DEC96640056F82E /* FirebaseFirestoreCombine-Community in Frameworks */ = {isa = PBXBuildFile; productRef = 5029C9BD2DEC96640056F82E /* FirebaseFirestoreCombine-Community */; };
/* End PBXBuildFile section */

/* Begin PBXContainerItemProxy section */
		5029C9742DEC95680056F82E /* PBXContainerItemProxy */ = {
			isa = PBXContainerItemProxy;
			containerPortal = 5029C95B2DEC95660056F82E /* Project object */;
			proxyType = 1;
			remoteGlobalIDString = 5029C9622DEC95660056F82E;
			remoteInfo = ToDoListApp;
		};
		5029C97E2DEC95680056F82E /* PBXContainerItemProxy */ = {
			isa = PBXContainerItemProxy;
			containerPortal = 5029C95B2DEC95660056F82E /* Project object */;
			proxyType = 1;
			remoteGlobalIDString = 5029C9622DEC95660056F82E;
			remoteInfo = ToDoListApp;
		};
/* End PBXContainerItemProxy section */

/* Begin PBXFileReference section */
		5029C9632DEC95660056F82E /* ToDoListApp.app */ = {isa = PBXFileReference; explicitFileType = wrapper.application; includeInIndex = 0; path = ToDoListApp.app; sourceTree = BUILT_PRODUCTS_DIR; };
		5029C9732DEC95680056F82E /* ToDoListAppTests.xctest */ = {isa = PBXFileReference; explicitFileType = wrapper.cfbundle; includeInIndex = 0; path = ToDoListAppTests.xctest; sourceTree = BUILT_PRODUCTS_DIR; };
		5029C97D2DEC95680056F82E /* ToDoListAppUITests.xctest */ = {isa = PBXFileReference; explicitFileType = wrapper.cfbundle; includeInIndex = 0; path = ToDoListAppUITests.xctest; sourceTree = BUILT_PRODUCTS_DIR; };
		5029C9AC2DEC95C40056F82E /* ci.yml */ = {isa = PBXFileReference; lastKnownFileType = text.yaml; path = ci.yml; sourceTree = "<group>"; };
/* End PBXFileReference section */

/* Begin PBXFileSystemSynchronizedRootGroup section */
		5029C9652DEC95660056F82E /* ToDoListApp */ = {
			isa = PBXFileSystemSynchronizedRootGroup;
			path = ToDoListApp;
			sourceTree = "<group>";
		};
		5029C9762DEC95680056F82E /* ToDoListAppTests */ = {
			isa = PBXFileSystemSynchronizedRootGroup;
			path = ToDoListAppTests;
			sourceTree = "<group>";
		};
		5029C9802DEC95680056F82E /* ToDoListAppUITests */ = {
			isa = PBXFileSystemSynchronizedRootGroup;
			path = ToDoListAppUITests;
			sourceTree = "<group>";
		};
/* End PBXFileSystemSynchronizedRootGroup section */

/* Begin PBXFrameworksBuildPhase section */
		5029C9602DEC95660056F82E /* Frameworks */ = {
			isa = PBXFrameworksBuildPhase;
			buildActionMask = 2147483647;
			files = (
				5029C9BC2DEC96640056F82E /* FirebaseFirestore in Frameworks */,
				5029C9BE2DEC96640056F82E /* FirebaseFirestoreCombine-Community in Frameworks */,
			);
			runOnlyForDeploymentPostprocessing = 0;
		};
		5029C9702DEC95680056F82E /* Frameworks */ = {
			isa = PBXFrameworksBuildPhase;
			buildActionMask = 2147483647;
			files = (
			);
			runOnlyForDeploymentPostprocessing = 0;
		};
		5029C97A2DEC95680056F82E /* Frameworks */ = {
			isa = PBXFrameworksBuildPhase;
			buildActionMask = 2147483647;
			files = (
			);
			runOnlyForDeploymentPostprocessing = 0;
		};
/* End PBXFrameworksBuildPhase section */

/* Begin PBXGroup section */
		5029C95A2DEC95660056F82E = {
			isa = PBXGroup;
			children = (
				5029C9AE2DEC95C40056F82E /* .github */,
				5029C9652DEC95660056F82E /* ToDoListApp */,
				5029C9762DEC95680056F82E /* ToDoListAppTests */,
				5029C9802DEC95680056F82E /* ToDoListAppUITests */,
				5029C9642DEC95660056F82E /* Products */,
			);
			sourceTree = "<group>";
		};
		5029C9642DEC95660056F82E /* Products */ = {
			isa = PBXGroup;
			children = (
				5029C9632DEC95660056F82E /* ToDoListApp.app */,
				5029C9732DEC95680056F82E /* ToDoListAppTests.xctest */,
				5029C97D2DEC95680056F82E /* ToDoListAppUITests.xctest */,
			);
			name = Products;
			sourceTree = "<group>";
		};
		5029C9AD2DEC95C40056F82E /* workflows */ = {
			isa = PBXGroup;
			children = (
				5029C9AC2DEC95C40056F82E /* ci.yml */,
			);
			path = workflows;
			sourceTree = "<group>";
		};
		5029C9AE2DEC95C40056F82E /* .github */ = {
			isa = PBXGroup;
			children = (
				5029C9AD2DEC95C40056F82E /* workflows */,
			);
			path = .github;
			sourceTree = "<group>";
		};
/* End PBXGroup section */

/* Begin PBXNativeTarget section */
		5029C9622DEC95660056F82E /* ToDoListApp */ = {
			isa = PBXNativeTarget;
			buildConfigurationList = 5029C9872DEC95680056F82E /* Build configuration list for PBXNativeTarget "ToDoListApp" */;
			buildPhases = (
				5029C95F2DEC95660056F82E /* Sources */,
				5029C9602DEC95660056F82E /* Frameworks */,
				5029C9612DEC95660056F82E /* Resources */,
			);
			buildRules = (
			);
			dependencies = (
			);
			fileSystemSynchronizedGroups = (
				5029C9652DEC95660056F82E /* ToDoListApp */,
			);
			name = ToDoListApp;
			packageProductDependencies = (
				5029C9BB2DEC96640056F82E /* FirebaseFirestore */,
				5029C9BD2DEC96640056F82E /* FirebaseFirestoreCombine-Community */,
			);
			productName = ToDoListApp;
			productReference = 5029C9632DEC95660056F82E /* ToDoListApp.app */;
			productType = "com.apple.product-type.application";
		};
		5029C9722DEC95680056F82E /* ToDoListAppTests */ = {
			isa = PBXNativeTarget;
			buildConfigurationList = 5029C98A2DEC95680056F82E /* Build configuration list for PBXNativeTarget "ToDoListAppTests" */;
			buildPhases = (
				5029C96F2DEC95680056F82E /* Sources */,
				5029C9702DEC95680056F82E /* Frameworks */,
				5029C9712DEC95680056F82E /* Resources */,
			);
			buildRules = (
			);
			dependencies = (
				5029C9752DEC95680056F82E /* PBXTargetDependency */,
			);
			fileSystemSynchronizedGroups = (
				5029C9762DEC95680056F82E /* ToDoListAppTests */,
			);
			name = ToDoListAppTests;
			packageProductDependencies = (
			);
			productName = ToDoListAppTests;
			productReference = 5029C9732DEC95680056F82E /* ToDoListAppTests.xctest */;
			productType = "com.apple.product-type.bundle.unit-test";
		};
		5029C97C2DEC95680056F82E /* ToDoListAppUITests */ = {
			isa = PBXNativeTarget;
			buildConfigurationList = 5029C98D2DEC95680056F82E /* Build configuration list for PBXNativeTarget "ToDoListAppUITests" */;
			buildPhases = (
				5029C9792DEC95680056F82E /* Sources */,
				5029C97A2DEC95680056F82E /* Frameworks */,
				5029C97B2DEC95680056F82E /* Resources */,
			);
			buildRules = (
			);
			dependencies = (
				5029C97F2DEC95680056F82E /* PBXTargetDependency */,
			);
			fileSystemSynchronizedGroups = (
				5029C9802DEC95680056F82E /* ToDoListAppUITests */,
			);
			name = ToDoListAppUITests;
			packageProductDependencies = (
			);
			productName = ToDoListAppUITests;
			productReference = 5029C97D2DEC95680056F82E /* ToDoListAppUITests.xctest */;
			productType = "com.apple.product-type.bundle.ui-testing";
		};
/* End PBXNativeTarget section */

/* Begin PBXProject section */
		5029C95B2DEC95660056F82E /* Project object */ = {
			isa = PBXProject;
			attributes = {
				BuildIndependentTargetsInParallel = 1;
				LastSwiftUpdateCheck = 1600;
				LastUpgradeCheck = 1600;
				TargetAttributes = {
					5029C9622DEC95660056F82E = {
						CreatedOnToolsVersion = 16.0;
					};
					5029C9722DEC95680056F82E = {
						CreatedOnToolsVersion = 16.0;
						TestTargetID = 5029C9622DEC95660056F82E;
					};
					5029C97C2DEC95680056F82E = {
						CreatedOnToolsVersion = 16.0;
						TestTargetID = 5029C9622DEC95660056F82E;
					};
				};
			};
			buildConfigurationList = 5029C95E2DEC95660056F82E /* Build configuration list for PBXProject "ToDoListApp" */;
			developmentRegion = en;
			hasScannedForEncodings = 0;
			knownRegions = (
				en,
				Base,
			);
			mainGroup = 5029C95A2DEC95660056F82E;
			minimizedProjectReferenceProxies = 1;
			packageReferences = (
				5029C9BA2DEC96640056F82E /* XCRemoteSwiftPackageReference "firebase-ios-sdk" */,
			);
			preferredProjectObjectVersion = 77;
			productRefGroup = 5029C9642DEC95660056F82E /* Products */;
			projectDirPath = "";
			projectRoot = "";
			targets = (
				5029C9622DEC95660056F82E /* ToDoListApp */,
				5029C9722DEC95680056F82E /* ToDoListAppTests */,
				5029C97C2DEC95680056F82E /* ToDoListAppUITests */,
			);
		};
/* End PBXProject section */

/* Begin PBXResourcesBuildPhase section */
		5029C9612DEC95660056F82E /* Resources */ = {
			isa = PBXResourcesBuildPhase;
			buildActionMask = 2147483647;
			files = (
				5029C9AF2DEC95C40056F82E /* ci.yml in Resources */,
			);
			runOnlyForDeploymentPostprocessing = 0;
		};
		5029C9712DEC95680056F82E /* Resources */ = {
			isa = PBXResourcesBuildPhase;
			buildActionMask = 2147483647;
			files = (
			);
			runOnlyForDeploymentPostprocessing = 0;
		};
		5029C97B2DEC95680056F82E /* Resources */ = {
			isa = PBXResourcesBuildPhase;
			buildActionMask = 2147483647;
			files = (
			);
			runOnlyForDeploymentPostprocessing = 0;
		};
/* End PBXResourcesBuildPhase section */

/* Begin PBXSourcesBuildPhase section */
		5029C95F2DEC95660056F82E /* Sources */ = {
			isa = PBXSourcesBuildPhase;
			buildActionMask = 2147483647;
			files = (
			);
			runOnlyForDeploymentPostprocessing = 0;
		};
		5029C96F2DEC95680056F82E /* Sources */ = {
			isa = PBXSourcesBuildPhase;
			buildActionMask = 2147483647;
			files = (
			);
			runOnlyForDeploymentPostprocessing = 0;
		};
		5029C9792DEC95680056F82E /* Sources */ = {
			isa = PBXSourcesBuildPhase;
			buildActionMask = 2147483647;
			files = (
			);
			runOnlyForDeploymentPostprocessing = 0;
		};
/* End PBXSourcesBuildPhase section */

/* Begin PBXTargetDependency section */
		5029C9752DEC95680056F82E /* PBXTargetDependency */ = {
			isa = PBXTargetDependency;
			target = 5029C9622DEC95660056F82E /* ToDoListApp */;
			targetProxy = 5029C9742DEC95680056F82E /* PBXContainerItemProxy */;
		};
		5029C97F2DEC95680056F82E /* PBXTargetDependency */ = {
			isa = PBXTargetDependency;
			target = 5029C9622DEC95660056F82E /* ToDoListApp */;
			targetProxy = 5029C97E2DEC95680056F82E /* PBXContainerItemProxy */;
		};
/* End PBXTargetDependency section */

/* Begin XCBuildConfiguration section */
		5029C9852DEC95680056F82E /* Debug */ = {
			isa = XCBuildConfiguration;
			buildSettings = {
				ALWAYS_SEARCH_USER_PATHS = NO;
				ASSETCATALOG_COMPILER_GENERATE_SWIFT_ASSET_SYMBOL_EXTENSIONS = YES;
				CLANG_ANALYZER_NONNULL = YES;
				CLANG_ANALYZER_NUMBER_OBJECT_CONVERSION = YES_AGGRESSIVE;
				CLANG_CXX_LANGUAGE_STANDARD = "gnu++20";
				CLANG_ENABLE_MODULES = YES;
				CLANG_ENABLE_OBJC_ARC = YES;
				CLANG_ENABLE_OBJC_WEAK = YES;
				CLANG_WARN_BLOCK_CAPTURE_AUTORELEASING = YES;
				CLANG_WARN_BOOL_CONVERSION = YES;
				CLANG_WARN_COMMA = YES;
				CLANG_WARN_CONSTANT_CONVERSION = YES;
				CLANG_WARN_DEPRECATED_OBJC_IMPLEMENTATIONS = YES;
				CLANG_WARN_DIRECT_OBJC_ISA_USAGE = YES_ERROR;
				CLANG_WARN_DOCUMENTATION_COMMENTS = YES;
				CLANG_WARN_EMPTY_BODY = YES;
				CLANG_WARN_ENUM_CONVERSION = YES;
				CLANG_WARN_INFINITE_RECURSION = YES;
				CLANG_WARN_INT_CONVERSION = YES;
				CLANG_WARN_NON_LITERAL_NULL_CONVERSION = YES;
				CLANG_WARN_OBJC_IMPLICIT_RETAIN_SELF = YES;
				CLANG_WARN_OBJC_LITERAL_CONVERSION = YES;
				CLANG_WARN_OBJC_ROOT_CLASS = YES_ERROR;
				CLANG_WARN_QUOTED_INCLUDE_IN_FRAMEWORK_HEADER = YES;
				CLANG_WARN_RANGE_LOOP_ANALYSIS = YES;
				CLANG_WARN_STRICT_PROTOTYPES = YES;
				CLANG_WARN_SUSPICIOUS_MOVE = YES;
				CLANG_WARN_UNGUARDED_AVAILABILITY = YES_AGGRESSIVE;
				CLANG_WARN_UNREACHABLE_CODE = YES;
				CLANG_WARN__DUPLICATE_METHOD_MATCH = YES;
				COPY_PHASE_STRIP = NO;
				DEBUG_INFORMATION_FORMAT = dwarf;
				ENABLE_STRICT_OBJC_MSGSEND = YES;
				ENABLE_TESTABILITY = YES;
				ENABLE_USER_SCRIPT_SANDBOXING = YES;
				GCC_C_LANGUAGE_STANDARD = gnu17;
				GCC_DYNAMIC_NO_PIC = NO;
				GCC_NO_COMMON_BLOCKS = YES;
				GCC_OPTIMIZATION_LEVEL = 0;
				GCC_PREPROCESSOR_DEFINITIONS = (
					"DEBUG=1",
					"$(inherited)",
				);
				GCC_WARN_64_TO_32_BIT_CONVERSION = YES;
				GCC_WARN_ABOUT_RETURN_TYPE = YES_ERROR;
				GCC_WARN_UNDECLARED_SELECTOR = YES;
				GCC_WARN_UNINITIALIZED_AUTOS = YES_AGGRESSIVE;
				GCC_WARN_UNUSED_FUNCTION = YES;
				GCC_WARN_UNUSED_VARIABLE = YES;
				IPHONEOS_DEPLOYMENT_TARGET = 18.0;
				LOCALIZATION_PREFERS_STRING_CATALOGS = YES;
				MTL_ENABLE_DEBUG_INFO = INCLUDE_SOURCE;
				MTL_FAST_MATH = YES;
				ONLY_ACTIVE_ARCH = YES;
				SDKROOT = iphoneos;
				SWIFT_ACTIVE_COMPILATION_CONDITIONS = "DEBUG $(inherited)";
				SWIFT_OPTIMIZATION_LEVEL = "-Onone";
			};
			name = Debug;
		};
		5029C9862DEC95680056F82E /* Release */ = {
			isa = XCBuildConfiguration;
			buildSettings = {
				ALWAYS_SEARCH_USER_PATHS = NO;
				ASSETCATALOG_COMPILER_GENERATE_SWIFT_ASSET_SYMBOL_EXTENSIONS = YES;
				CLANG_ANALYZER_NONNULL = YES;
				CLANG_ANALYZER_NUMBER_OBJECT_CONVERSION = YES_AGGRESSIVE;
				CLANG_CXX_LANGUAGE_STANDARD = "gnu++20";
				CLANG_ENABLE_MODULES = YES;
				CLANG_ENABLE_OBJC_ARC = YES;
				CLANG_ENABLE_OBJC_WEAK = YES;
				CLANG_WARN_BLOCK_CAPTURE_AUTORELEASING = YES;
				CLANG_WARN_BOOL_CONVERSION = YES;
				CLANG_WARN_COMMA = YES;
				CLANG_WARN_CONSTANT_CONVERSION = YES;
				CLANG_WARN_DEPRECATED_OBJC_IMPLEMENTATIONS = YES;
				CLANG_WARN_DIRECT_OBJC_ISA_USAGE = YES_ERROR;
				CLANG_WARN_DOCUMENTATION_COMMENTS = YES;
				CLANG_WARN_EMPTY_BODY = YES;
				CLANG_WARN_ENUM_CONVERSION = YES;
				CLANG_WARN_INFINITE_RECURSION = YES;
				CLANG_WARN_INT_CONVERSION = YES;
				CLANG_WARN_NON_LITERAL_NULL_CONVERSION = YES;
				CLANG_WARN_OBJC_IMPLICIT_RETAIN_SELF = YES;
				CLANG_WARN_OBJC_LITERAL_CONVERSION = YES;
				CLANG_WARN_OBJC_ROOT_CLASS = YES_ERROR;
				CLANG_WARN_QUOTED_INCLUDE_IN_FRAMEWORK_HEADER = YES;
				CLANG_WARN_RANGE_LOOP_ANALYSIS = YES;
				CLANG_WARN_STRICT_PROTOTYPES = YES;
				CLANG_WARN_SUSPICIOUS_MOVE = YES;
				CLANG_WARN_UNGUARDED_AVAILABILITY = YES_AGGRESSIVE;
				CLANG_WARN_UNREACHABLE_CODE = YES;
				CLANG_WARN__DUPLICATE_METHOD_MATCH = YES;
				COPY_PHASE_STRIP = NO;
				DEBUG_INFORMATION_FORMAT = "dwarf-with-dsym";
				ENABLE_NS_ASSERTIONS = NO;
				ENABLE_STRICT_OBJC_MSGSEND = YES;
				ENABLE_USER_SCRIPT_SANDBOXING = YES;
				GCC_C_LANGUAGE_STANDARD = gnu17;
				GCC_NO_COMMON_BLOCKS = YES;
				GCC_WARN_64_TO_32_BIT_CONVERSION = YES;
				GCC_WARN_ABOUT_RETURN_TYPE = YES_ERROR;
				GCC_WARN_UNDECLARED_SELECTOR = YES;
				GCC_WARN_UNINITIALIZED_AUTOS = YES_AGGRESSIVE;
				GCC_WARN_UNUSED_FUNCTION = YES;
				GCC_WARN_UNUSED_VARIABLE = YES;
				IPHONEOS_DEPLOYMENT_TARGET = 18.0;
				LOCALIZATION_PREFERS_STRING_CATALOGS = YES;
				MTL_ENABLE_DEBUG_INFO = NO;
				MTL_FAST_MATH = YES;
				SDKROOT = iphoneos;
				SWIFT_COMPILATION_MODE = wholemodule;
				VALIDATE_PRODUCT = YES;
			};
			name = Release;
		};
		5029C9882DEC95680056F82E /* Debug */ = {
			isa = XCBuildConfiguration;
			buildSettings = {
				ASSETCATALOG_COMPILER_APPICON_NAME = AppIcon;
				ASSETCATALOG_COMPILER_GLOBAL_ACCENT_COLOR_NAME = AccentColor;
				CODE_SIGN_STYLE = Automatic;
				CURRENT_PROJECT_VERSION = 1;
				DEVELOPMENT_ASSET_PATHS = "\"ToDoListApp/Preview Content\"";
				ENABLE_PREVIEWS = YES;
				GENERATE_INFOPLIST_FILE = YES;
				INFOPLIST_KEY_UIApplicationSceneManifest_Generation = YES;
				INFOPLIST_KEY_UIApplicationSupportsIndirectInputEvents = YES;
				INFOPLIST_KEY_UILaunchScreen_Generation = YES;
				INFOPLIST_KEY_UISupportedInterfaceOrientations_iPad = "UIInterfaceOrientationPortrait UIInterfaceOrientationPortraitUpsideDown UIInterfaceOrientationLandscapeLeft UIInterfaceOrientationLandscapeRight";
				INFOPLIST_KEY_UISupportedInterfaceOrientations_iPhone = "UIInterfaceOrientationPortrait UIInterfaceOrientationLandscapeLeft UIInterfaceOrientationLandscapeRight";
				LD_RUNPATH_SEARCH_PATHS = (
					"$(inherited)",
					"@executable_path/Frameworks",
				);
				MARKETING_VERSION = 1.0;
				PRODUCT_BUNDLE_IDENTIFIER = com.nurbol.ToDoListApp;
				PRODUCT_NAME = "$(TARGET_NAME)";
				SWIFT_EMIT_LOC_STRINGS = YES;
				SWIFT_VERSION = 5.0;
				TARGETED_DEVICE_FAMILY = "1,2";
			};
			name = Debug;
		};
		5029C9892DEC95680056F82E /* Release */ = {
			isa = XCBuildConfiguration;
			buildSettings = {
				ASSETCATALOG_COMPILER_APPICON_NAME = AppIcon;
				ASSETCATALOG_COMPILER_GLOBAL_ACCENT_COLOR_NAME = AccentColor;
				CODE_SIGN_STYLE = Automatic;
				CURRENT_PROJECT_VERSION = 1;
				DEVELOPMENT_ASSET_PATHS = "\"ToDoListApp/Preview Content\"";
				ENABLE_PREVIEWS = YES;
				GENERATE_INFOPLIST_FILE = YES;
				INFOPLIST_KEY_UIApplicationSceneManifest_Generation = YES;
				INFOPLIST_KEY_UIApplicationSupportsIndirectInputEvents = YES;
				INFOPLIST_KEY_UILaunchScreen_Generation = YES;
				INFOPLIST_KEY_UISupportedInterfaceOrientations_iPad = "UIInterfaceOrientationPortrait UIInterfaceOrientationPortraitUpsideDown UIInterfaceOrientationLandscapeLeft UIInterfaceOrientationLandscapeRight";
				INFOPLIST_KEY_UISupportedInterfaceOrientations_iPhone = "UIInterfaceOrientationPortrait UIInterfaceOrientationLandscapeLeft UIInterfaceOrientationLandscapeRight";
				LD_RUNPATH_SEARCH_PATHS = (
					"$(inherited)",
					"@executable_path/Frameworks",
				);
				MARKETING_VERSION = 1.0;
				PRODUCT_BUNDLE_IDENTIFIER = com.nurbol.ToDoListApp;
				PRODUCT_NAME = "$(TARGET_NAME)";
				SWIFT_EMIT_LOC_STRINGS = YES;
				SWIFT_VERSION = 5.0;
				TARGETED_DEVICE_FAMILY = "1,2";
			};
			name = Release;
		};
		5029C98B2DEC95680056F82E /* Debug */ = {
			isa = XCBuildConfiguration;
			buildSettings = {
				BUNDLE_LOADER = "$(TEST_HOST)";
				CODE_SIGN_STYLE = Automatic;
				CURRENT_PROJECT_VERSION = 1;
				GENERATE_INFOPLIST_FILE = YES;
				IPHONEOS_DEPLOYMENT_TARGET = 18.0;
				MARKETING_VERSION = 1.0;
				PRODUCT_BUNDLE_IDENTIFIER = com.nurbol.ToDoListAppTests;
				PRODUCT_NAME = "$(TARGET_NAME)";
				SWIFT_EMIT_LOC_STRINGS = NO;
				SWIFT_VERSION = 5.0;
				TARGETED_DEVICE_FAMILY = "1,2";
				TEST_HOST = "$(BUILT_PRODUCTS_DIR)/ToDoListApp.app/$(BUNDLE_EXECUTABLE_FOLDER_PATH)/ToDoListApp";
			};
			name = Debug;
		};
		5029C98C2DEC95680056F82E /* Release */ = {
			isa = XCBuildConfiguration;
			buildSettings = {
				BUNDLE_LOADER = "$(TEST_HOST)";
				CODE_SIGN_STYLE = Automatic;
				CURRENT_PROJECT_VERSION = 1;
				GENERATE_INFOPLIST_FILE = YES;
				IPHONEOS_DEPLOYMENT_TARGET = 18.0;
				MARKETING_VERSION = 1.0;
				PRODUCT_BUNDLE_IDENTIFIER = com.nurbol.ToDoListAppTests;
				PRODUCT_NAME = "$(TARGET_NAME)";
				SWIFT_EMIT_LOC_STRINGS = NO;
				SWIFT_VERSION = 5.0;
				TARGETED_DEVICE_FAMILY = "1,2";
				TEST_HOST = "$(BUILT_PRODUCTS_DIR)/ToDoListApp.app/$(BUNDLE_EXECUTABLE_FOLDER_PATH)/ToDoListApp";
			};
			name = Release;
		};
		5029C98E2DEC95680056F82E /* Debug */ = {
			isa = XCBuildConfiguration;
			buildSettings = {
				CODE_SIGN_STYLE = Automatic;
				CURRENT_PROJECT_VERSION = 1;
				GENERATE_INFOPLIST_FILE = YES;
				MARKETING_VERSION = 1.0;
				PRODUCT_BUNDLE_IDENTIFIER = com.nurbol.ToDoListAppUITests;
				PRODUCT_NAME = "$(TARGET_NAME)";
				SWIFT_EMIT_LOC_STRINGS = NO;
				SWIFT_VERSION = 5.0;
				TARGETED_DEVICE_FAMILY = "1,2";
				TEST_TARGET_NAME = ToDoListApp;
			};
			name = Debug;
		};
		5029C98F2DEC95680056F82E /* Release */ = {
			isa = XCBuildConfiguration;
			buildSettings = {
				CODE_SIGN_STYLE = Automatic;
				CURRENT_PROJECT_VERSION = 1;
				GENERATE_INFOPLIST_FILE = YES;
				MARKETING_VERSION = 1.0;
				PRODUCT_BUNDLE_IDENTIFIER = com.nurbol.ToDoListAppUITests;
				PRODUCT_NAME = "$(TARGET_NAME)";
				SWIFT_EMIT_LOC_STRINGS = NO;
				SWIFT_VERSION = 5.0;
				TARGETED_DEVICE_FAMILY = "1,2";
				TEST_TARGET_NAME = ToDoListApp;
			};
			name = Release;
		};
/* End XCBuildConfiguration section */

/* Begin XCConfigurationList section */
		5029C95E2DEC95660056F82E /* Build configuration list for PBXProject "ToDoListApp" */ = {
			isa = XCConfigurationList;
			buildConfigurations = (
				5029C9852DEC95680056F82E /* Debug */,
				5029C9862DEC95680056F82E /* Release */,
			);
			defaultConfigurationIsVisible = 0;
			defaultConfigurationName = Release;
		};
		5029C9872DEC95680056F82E /* Build configuration list for PBXNativeTarget "ToDoListApp" */ = {
			isa = XCConfigurationList;
			buildConfigurations = (
				5029C9882DEC95680056F82E /* Debug */,
				5029C9892DEC95680056F82E /* Release */,
			);
			defaultConfigurationIsVisible = 0;
			defaultConfigurationName = Release;
		};
		5029C98A2DEC95680056F82E /* Build configuration list for PBXNativeTarget "ToDoListAppTests" */ = {
			isa = XCConfigurationList;
			buildConfigurations = (
				5029C98B2DEC95680056F82E /* Debug */,
				5029C98C2DEC95680056F82E /* Release */,
			);
			defaultConfigurationIsVisible = 0;
			defaultConfigurationName = Release;
		};
		5029C98D2DEC95680056F82E /* Build configuration list for PBXNativeTarget "ToDoListAppUITests" */ = {
			isa = XCConfigurationList;
			buildConfigurations = (
				5029C98E2DEC95680056F82E /* Debug */,
				5029C98F2DEC95680056F82E /* Release */,
			);
			defaultConfigurationIsVisible = 0;
			defaultConfigurationName = Release;
		};
/* End XCConfigurationList section */

/* Begin XCRemoteSwiftPackageReference section */
		5029C9BA2DEC96640056F82E /* XCRemoteSwiftPackageReference "firebase-ios-sdk" */ = {
			isa = XCRemoteSwiftPackageReference;
			repositoryURL = "https://github.com/firebase/firebase-ios-sdk";
			requirement = {
				kind = upToNextMajorVersion;
				minimumVersion = 11.13.0;
			};
		};
/* End XCRemoteSwiftPackageReference section */

/* Begin XCSwiftPackageProductDependency section */
		5029C9BB2DEC96640056F82E /* FirebaseFirestore */ = {
			isa = XCSwiftPackageProductDependency;
			package = 5029C9BA2DEC96640056F82E /* XCRemoteSwiftPackageReference "firebase-ios-sdk" */;
			productName = FirebaseFirestore;
		};
		5029C9BD2DEC96640056F82E /* FirebaseFirestoreCombine-Community */ = {
			isa = XCSwiftPackageProductDependency;
			package = 5029C9BA2DEC96640056F82E /* XCRemoteSwiftPackageReference "firebase-ios-sdk" */;
			productName = "FirebaseFirestoreCombine-Community";
		};
/* End XCSwiftPackageProductDependency section */
	};
	rootObject = 5029C95B2DEC95660056F82E /* Project object */;
}
